
Microsoft Visual Studio Solution File, Format Version 12.00
# Visual Studio Version 17
VisualStudioVersion = 17.5.33502.453
MinimumVisualStudioVersion = 10.0.40219.1
Project("{9A19103F-16F7-4668-BE54-9A1E7A4F7556}") = "CombatTracker.Entities", "CombatTracker.Entities\CombatTracker.Entities.csproj", "{0F556A97-3D62-4F19-B264-9703FDE9D2E4}"
EndProject
Project("{9A19103F-16F7-4668-BE54-9A1E7A4F7556}") = "CombatTracker.Domain", "CombatTracker.Domain\CombatTracker.Domain.csproj", "{712E4AD6-4D37-490F-AC75-7F6A7A10F1F4}"
EndProject
Project("{9A19103F-16F7-4668-BE54-9A1E7A4F7556}") = "CombatTracker.Services", "CombatTracker.Services\CombatTracker.Services.csproj", "{51457E52-4657-41DB-86F4-FB1AE91E2225}"
EndProject
Project("{9A19103F-16F7-4668-BE54-9A1E7A4F7556}") = "CombatTracker.Authorization", "CombatTracker.Authorization\CombatTracker.Authorization.csproj", "{146763F3-8FBD-40FF-879C-15BBA48B2F77}"
EndProject
Project("{9A19103F-16F7-4668-BE54-9A1E7A4F7556}") = "CombatTracker.Web", "CombatTracker.Web\CombatTracker.Web.csproj", "{9E22C6D8-99A9-4D28-8B1F-9F28018945D8}"
EndProject
Project("{2150E333-8FDC-42A3-9474-1A3956D46DE8}") = "Db", "Db", "{058799C4-416C-4A7A-84CE-5875D0BFDF41}"
	ProjectSection(SolutionItems) = preProject
		Db\create-database-3_with_users.sql = Db\create-database-3_with_users.sql
		Db\create-database.sql = Db\create-database.sql
		Db\Dockerfile = Db\Dockerfile
		Db\entrypoint.sh = Db\entrypoint.sh
		Db\run-initialization.sh = Db\run-initialization.sh
	EndProjectSection
EndProject
Project("{E53339B2-1760-4266-BCC7-CA923CBCF16C}") = "docker-compose", "docker-compose.dcproj", "{5D797CC1-7A41-4073-9BF8-FE61E6A9E28F}"
EndProject
Global
	GlobalSection(SolutionConfigurationPlatforms) = preSolution
		Debug|Any CPU = Debug|Any CPU
		Release|Any CPU = Release|Any CPU
	EndGlobalSection
	GlobalSection(ProjectConfigurationPlatforms) = postSolution
		{0F556A97-3D62-4F19-B264-9703FDE9D2E4}.Debug|Any CPU.ActiveCfg = Debug|Any CPU
		{0F556A97-3D62-4F19-B264-9703FDE9D2E4}.Debug|Any CPU.Build.0 = Debug|Any CPU
		{0F556A97-3D62-4F19-B264-9703FDE9D2E4}.Release|Any CPU.ActiveCfg = Release|Any CPU
		{0F556A97-3D62-4F19-B264-9703FDE9D2E4}.Release|Any CPU.Build.0 = Release|Any CPU
		{712E4AD6-4D37-490F-AC75-7F6A7A10F1F4}.Debug|Any CPU.ActiveCfg = Debug|Any CPU
		{712E4AD6-4D37-490F-AC75-7F6A7A10F1F4}.Debug|Any CPU.Build.0 = Debug|Any CPU
		{712E4AD6-4D37-490F-AC75-7F6A7A10F1F4}.Release|Any CPU.ActiveCfg = Release|Any CPU
		{712E4AD6-4D37-490F-AC75-7F6A7A10F1F4}.Release|Any CPU.Build.0 = Release|Any CPU
		{51457E52-4657-41DB-86F4-FB1AE91E2225}.Debug|Any CPU.ActiveCfg = Debug|Any CPU
		{51457E52-4657-41DB-86F4-FB1AE91E2225}.Debug|Any CPU.Build.0 = Debug|Any CPU
		{51457E52-4657-41DB-86F4-FB1AE91E2225}.Release|Any CPU.ActiveCfg = Release|Any CPU
		{51457E52-4657-41DB-86F4-FB1AE91E2225}.Release|Any CPU.Build.0 = Release|Any CPU
		{146763F3-8FBD-40FF-879C-15BBA48B2F77}.Debug|Any CPU.ActiveCfg = Debug|Any CPU
		{146763F3-8FBD-40FF-879C-15BBA48B2F77}.Debug|Any CPU.Build.0 = Debug|Any CPU
		{146763F3-8FBD-40FF-879C-15BBA48B2F77}.Release|Any CPU.ActiveCfg = Release|Any CPU
		{146763F3-8FBD-40FF-879C-15BBA48B2F77}.Release|Any CPU.Build.0 = Release|Any CPU
		{9E22C6D8-99A9-4D28-8B1F-9F28018945D8}.Debug|Any CPU.ActiveCfg = Debug|Any CPU
		{9E22C6D8-99A9-4D28-8B1F-9F28018945D8}.Debug|Any CPU.Build.0 = Debug|Any CPU
		{9E22C6D8-99A9-4D28-8B1F-9F28018945D8}.Release|Any CPU.ActiveCfg = Release|Any CPU
		{9E22C6D8-99A9-4D28-8B1F-9F28018945D8}.Release|Any CPU.Build.0 = Release|Any CPU
		{5D797CC1-7A41-4073-9BF8-FE61E6A9E28F}.Debug|Any CPU.ActiveCfg = Debug|Any CPU
		{5D797CC1-7A41-4073-9BF8-FE61E6A9E28F}.Debug|Any CPU.Build.0 = Debug|Any CPU
		{5D797CC1-7A41-4073-9BF8-FE61E6A9E28F}.Release|Any CPU.ActiveCfg = Release|Any CPU
		{5D797CC1-7A41-4073-9BF8-FE61E6A9E28F}.Release|Any CPU.Build.0 = Release|Any CPU
	EndGlobalSection
	GlobalSection(SolutionProperties) = preSolution
		HideSolutionNode = FALSE
	EndGlobalSection
	GlobalSection(ExtensibilityGlobals) = postSolution
		SolutionGuid = {4330A672-F8FC-4321-A4AA-C07ED1B9CB7A}
	EndGlobalSection
EndGlobal
